
Microsoft Visual Studio Solution File, Format Version 12.00
# Visual Studio Version 16
VisualStudioVersion = 16.0.31910.168
MinimumVisualStudioVersion = 10.0.40219.1
Project("{FAE04EC0-301F-11D3-BF4B-00C04F79EFBC}") = "SortearNumero", "SortearNumero.csproj", "{577FBFA1-185C-4ADD-B650-CC1D2A0AAA70}"
EndProject
Global
	GlobalSection(SolutionConfigurationPlatforms) = preSolution
		Debug|Any CPU = Debug|Any CPU
		Release|Any CPU = Release|Any CPU
	EndGlobalSection
	GlobalSection(ProjectConfigurationPlatforms) = postSolution
		{577FBFA1-185C-4ADD-B650-CC1D2A0AAA70}.Debug|Any CPU.ActiveCfg = Debug|Any CPU
		{577FBFA1-185C-4ADD-B650-CC1D2A0AAA70}.Debug|Any CPU.Build.0 = Debug|Any CPU
		{577FBFA1-185C-4ADD-B650-CC1D2A0AAA70}.Release|Any CPU.ActiveCfg = Release|Any CPU
		{577FBFA1-185C-4ADD-B650-CC1D2A0AAA70}.Release|Any CPU.Build.0 = Release|Any CPU
	EndGlobalSection
	GlobalSection(SolutionProperties) = preSolution
		HideSolutionNode = FALSE
	EndGlobalSection
	GlobalSection(ExtensibilityGlobals) = postSolution
		SolutionGuid = {4A95623C-DE17-4EF0-99D2-2C9243DB21E1}
	EndGlobalSection
EndGlobal
